
Microsoft Visual Studio Solution File, Format Version 12.00
# Visual Studio 15
VisualStudioVersion = 15.0.28307.757
MinimumVisualStudioVersion = 10.0.40219.1
Project("{FAE04EC0-301F-11D3-BF4B-00C04F79EFBC}") = "WPFMVVMCRUD", "WPFMVVMCRUD.csproj", "{087835D0-AD54-4080-AFD9-217CEEB0E570}"
EndProject
Global
	GlobalSection(SolutionConfigurationPlatforms) = preSolution
		Debug|Any CPU = Debug|Any CPU
		Release|Any CPU = Release|Any CPU
	EndGlobalSection
	GlobalSection(ProjectConfigurationPlatforms) = postSolution
		{087835D0-AD54-4080-AFD9-217CEEB0E570}.Debug|Any CPU.ActiveCfg = Debug|Any CPU
		{087835D0-AD54-4080-AFD9-217CEEB0E570}.Debug|Any CPU.Build.0 = Debug|Any CPU
		{087835D0-AD54-4080-AFD9-217CEEB0E570}.Release|Any CPU.ActiveCfg = Release|Any CPU
		{087835D0-AD54-4080-AFD9-217CEEB0E570}.Release|Any CPU.Build.0 = Release|Any CPU
	EndGlobalSection
	GlobalSection(SolutionProperties) = preSolution
		HideSolutionNode = FALSE
	EndGlobalSection
	GlobalSection(ExtensibilityGlobals) = postSolution
		SolutionGuid = {76C42A5E-2BA7-49BB-AF54-8CC8DEC3B7A2}
	EndGlobalSection
EndGlobal
